
Microsoft Visual Studio Solution File, Format Version 12.00
# Visual Studio Version 16
VisualStudioVersion = 16.0.30621.155
MinimumVisualStudioVersion = 10.0.40219.1
Project("{FAE04EC0-301F-11D3-BF4B-00C04F79EFBC}") = "WinAsynchMethod", "WinAsynchMethod\WinAsynchMethod.csproj", "{097EC55A-EFB4-4034-8F77-9CFD1CC26C89}"
EndProject
Global
	GlobalSection(SolutionConfigurationPlatforms) = preSolution
		Debug|Any CPU = Debug|Any CPU
		Release|Any CPU = Release|Any CPU
	EndGlobalSection
	GlobalSection(ProjectConfigurationPlatforms) = postSolution
		{097EC55A-EFB4-4034-8F77-9CFD1CC26C89}.Debug|Any CPU.ActiveCfg = Debug|Any CPU
		{097EC55A-EFB4-4034-8F77-9CFD1CC26C89}.Debug|Any CPU.Build.0 = Debug|Any CPU
		{097EC55A-EFB4-4034-8F77-9CFD1CC26C89}.Release|Any CPU.ActiveCfg = Release|Any CPU
		{097EC55A-EFB4-4034-8F77-9CFD1CC26C89}.Release|Any CPU.Build.0 = Release|Any CPU
	EndGlobalSection
	GlobalSection(SolutionProperties) = preSolution
		HideSolutionNode = FALSE
	EndGlobalSection
	GlobalSection(ExtensibilityGlobals) = postSolution
		SolutionGuid = {6A69BA6F-B026-4DFB-AC74-5C0762E124B0}
	EndGlobalSection
EndGlobal
